
Microsoft Visual Studio Solution File, Format Version 12.00
# Visual Studio Version 17
VisualStudioVersion = 17.9.34714.143
MinimumVisualStudioVersion = 10.0.40219.1
Project("{FAE04EC0-301F-11D3-BF4B-00C04F79EFBC}") = "RecipePOE_WPF", "RecipePOE_WPF\RecipePOE_WPF.csproj", "{9EE25193-8A56-4EE1-B186-59AC969A68A1}"
EndProject
Global
	GlobalSection(SolutionConfigurationPlatforms) = preSolution
		Debug|Any CPU = Debug|Any CPU
		Release|Any CPU = Release|Any CPU
	EndGlobalSection
	GlobalSection(ProjectConfigurationPlatforms) = postSolution
		{9EE25193-8A56-4EE1-B186-59AC969A68A1}.Debug|Any CPU.ActiveCfg = Debug|Any CPU
		{9EE25193-8A56-4EE1-B186-59AC969A68A1}.Debug|Any CPU.Build.0 = Debug|Any CPU
		{9EE25193-8A56-4EE1-B186-59AC969A68A1}.Release|Any CPU.ActiveCfg = Release|Any CPU
		{9EE25193-8A56-4EE1-B186-59AC969A68A1}.Release|Any CPU.Build.0 = Release|Any CPU
	EndGlobalSection
	GlobalSection(SolutionProperties) = preSolution
		HideSolutionNode = FALSE
	EndGlobalSection
	GlobalSection(ExtensibilityGlobals) = postSolution
		SolutionGuid = {C2842BE9-23BE-4E00-84C5-2C3F827B6AAB}
	EndGlobalSection
EndGlobal
